# This file was autogenerated by uv via the following command:
#    uv pip compile requirements.txt -o uv.lock
et-xmlfile==2.0.0
    # via
    #   -r requirements.txt
    #   openpyxl
mouseinfo==0.1.3
    # via
    #   -r requirements.txt
    #   pyautogui
numpy==2.2.6
    # via
    #   -r requirements.txt
    #   opencv-python
    #   pandas
opencv-python==4.12.0.88
    # via -r requirements.txt
openpyxl==3.1.5
    # via -r requirements.txt
pandas==2.3.3
    # via -r requirements.txt
pillow==12.1.0
    # via
    #   -r requirements.txt
    #   pyscreeze
pyautogui==0.9.54
    # via -r requirements.txt
pygetwindow==0.0.9
    # via
    #   -r requirements.txt
    #   pyautogui
pymsgbox==2.0.1
    # via
    #   -r requirements.txt
    #   pyautogui
pyperclip==1.11.0
    # via
    #   -r requirements.txt
    #   mouseinfo
pyrect==0.2.0
    # via
    #   -r requirements.txt
    #   pygetwindow
pyscreeze==1.0.1
    # via
    #   -r requirements.txt
    #   pyautogui
python-dateutil==2.9.0.post0
    # via
    #   -r requirements.txt
    #   pandas
pytweening==1.2.0
    # via
    #   -r requirements.txt
    #   pyautogui
pytz==2025.2
    # via
    #   -r requirements.txt
    #   pandas
setuptools==80.9.0
    # via -r requirements.txt
six==1.17.0
    # via
    #   -r requirements.txt
    #   python-dateutil
tzdata==2025.3
    # via
    #   -r requirements.txt
    #   pandas
wheel==0.45.1
    # via -r requirements.txt
